
Microsoft Visual Studio Solution File, Format Version 12.00
# Visual Studio Version 17
VisualStudioVersion = 17.5.2.0
MinimumVisualStudioVersion = 10.0.40219.1
Project("{2150E333-8FDC-42A3-9474-1A3956D46DE8}") = "Sistema Diseño - Prototipo propio -", "Sistema Diseño - Prototipo propio -", "{E53DB928-F9BF-88FF-1694-20D3E7A190AE}"
EndProject
Project("{FAE04EC0-301F-11D3-BF4B-00C04F79EFBC}") = "GestionEventos", "Sistema Diseño - Prototipo propio -\GestionEventos.csproj", "{638BDE38-4CE3-AC20-4F2E-BB69C2B7706C}"
EndProject
Global
	GlobalSection(SolutionConfigurationPlatforms) = preSolution
		Debug|Any CPU = Debug|Any CPU
		Release|Any CPU = Release|Any CPU
	EndGlobalSection
	GlobalSection(ProjectConfigurationPlatforms) = postSolution
		{638BDE38-4CE3-AC20-4F2E-BB69C2B7706C}.Debug|Any CPU.ActiveCfg = Debug|Any CPU
		{638BDE38-4CE3-AC20-4F2E-BB69C2B7706C}.Debug|Any CPU.Build.0 = Debug|Any CPU
		{638BDE38-4CE3-AC20-4F2E-BB69C2B7706C}.Release|Any CPU.ActiveCfg = Release|Any CPU
		{638BDE38-4CE3-AC20-4F2E-BB69C2B7706C}.Release|Any CPU.Build.0 = Release|Any CPU
	EndGlobalSection
	GlobalSection(SolutionProperties) = preSolution
		HideSolutionNode = FALSE
	EndGlobalSection
	GlobalSection(NestedProjects) = preSolution
		{638BDE38-4CE3-AC20-4F2E-BB69C2B7706C} = {E53DB928-F9BF-88FF-1694-20D3E7A190AE}
	EndGlobalSection
	GlobalSection(ExtensibilityGlobals) = postSolution
		SolutionGuid = {E65C08FF-1EC7-4518-AA95-CEAACD7C4828}
	EndGlobalSection
EndGlobal
